// !$*UTF8*$!
{
	archiveVersion = 1;
	classes = {
	};
	objectVersion = 46;
	objects = {

/* Begin PBXBuildFile section */
		C567B5B01C40F0FA00929774 /* main.m in Sources */ = {isa = PBXBuildFile; fileRef = C567B5AF1C40F0FA00929774 /* main.m */; };
		C567B5B31C40F0FA00929774 /* AppDelegate.m in Sources */ = {isa = PBXBuildFile; fileRef = C567B5B21C40F0FA00929774 /* AppDelegate.m */; };
		C567B5B61C40F0FA00929774 /* ViewController.m in Sources */ = {isa = PBXBuildFile; fileRef = C567B5B51C40F0FA00929774 /* ViewController.m */; };
		C567B5B91C40F0FA00929774 /* Main.storyboard in Resources */ = {isa = PBXBuildFile; fileRef = C567B5B71C40F0FA00929774 /* Main.storyboard */; };
		C567B5BB1C40F0FA00929774 /* Assets.xcassets in Resources */ = {isa = PBXBuildFile; fileRef = C567B5BA1C40F0FA00929774 /* Assets.xcassets */; };
		C567B5BE1C40F0FA00929774 /* LaunchScreen.storyboard in Resources */ = {isa = PBXBuildFile; fileRef = C567B5BC1C40F0FA00929774 /* LaunchScreen.storyboard */; };
		C567B5C81C40F12000929774 /* GJPullDownView.m in Sources */ = {isa = PBXBuildFile; fileRef = C567B5C71C40F12000929774 /* GJPullDownView.m */; };
		C567B5CA1C41016700929774 /* 1.png in Resources */ = {isa = PBXBuildFile; fileRef = C567B5C91C41016700929774 /* 1.png */; };
/* End PBXBuildFile section */

/* Begin PBXFileReference section */
		C567B5AB1C40F0FA00929774 /* GJPullDownViewDemo.app */ = {isa = PBXFileReference; explicitFileType = wrapper.application; includeInIndex = 0; path = GJPullDownViewDemo.app; sourceTree = BUILT_PRODUCTS_DIR; };
		C567B5AF1C40F0FA00929774 /* main.m */ = {isa = PBXFileReference; lastKnownFileType = sourcecode.c.objc; path = main.m; sourceTree = "<group>"; };
		C567B5B11C40F0FA00929774 /* AppDelegate.h */ = {isa = PBXFileReference; lastKnownFileType = sourcecode.c.h; path = AppDelegate.h; sourceTree = "<group>"; };
		C567B5B21C40F0FA00929774 /* AppDelegate.m */ = {isa = PBXFileReference; lastKnownFileType = sourcecode.c.objc; path = AppDelegate.m; sourceTree = "<group>"; };
		C567B5B41C40F0FA00929774 /* ViewController.h */ = {isa = PBXFileReference; lastKnownFileType = sourcecode.c.h; path = ViewController.h; sourceTree = "<group>"; };
		C567B5B51C40F0FA00929774 /* ViewController.m */ = {isa = PBXFileReference; lastKnownFileType = sourcecode.c.objc; path = ViewController.m; sourceTree = "<group>"; };
		C567B5B81C40F0FA00929774 /* Base */ = {isa = PBXFileReference; lastKnownFileType = file.storyboard; name = Base; path = Base.lproj/Main.storyboard; sourceTree = "<group>"; };
		C567B5BA1C40F0FA00929774 /* Assets.xcassets */ = {isa = PBXFileReference; lastKnownFileType = folder.assetcatalog; path = Assets.xcassets; sourceTree = "<group>"; };
		C567B5BD1C40F0FA00929774 /* Base */ = {isa = PBXFileReference; lastKnownFileType = file.storyboard; name = Base; path = Base.lproj/LaunchScreen.storyboard; sourceTree = "<group>"; };
		C567B5BF1C40F0FA00929774 /* Info.plist */ = {isa = PBXFileReference; lastKnownFileType = text.plist.xml; path = Info.plist; sourceTree = "<group>"; };
		C567B5C61C40F12000929774 /* GJPullDownView.h */ = {isa = PBXFileReference; fileEncoding = 4; lastKnownFileType = sourcecode.c.h; path = GJPullDownView.h; sourceTree = "<group>"; };
		C567B5C71C40F12000929774 /* GJPullDownView.m */ = {isa = PBXFileReference; fileEncoding = 4; lastKnownFileType = sourcecode.c.objc; path = GJPullDownView.m; sourceTree = "<group>"; };
		C567B5C91C41016700929774 /* 1.png */ = {isa = PBXFileReference; lastKnownFileType = image.png; path = 1.png; sourceTree = "<group>"; };
/* End PBXFileReference section */

/* Begin PBXFrameworksBuildPhase section */
		C567B5A81C40F0FA00929774 /* Frameworks */ = {
			isa = PBXFrameworksBuildPhase;
			buildActionMask = 2147483647;
			files = (
			);
			runOnlyForDeploymentPostprocessing = 0;
		};
/* End PBXFrameworksBuildPhase section */

/* Begin PBXGroup section */
		C567B5A21C40F0FA00929774 = {
			isa = PBXGroup;
			children = (
				C567B5AD1C40F0FA00929774 /* GJPullDownViewDemo */,
				C567B5AC1C40F0FA00929774 /* Products */,
			);
			sourceTree = "<group>";
		};
		C567B5AC1C40F0FA00929774 /* Products */ = {
			isa = PBXGroup;
			children = (
				C567B5AB1C40F0FA00929774 /* GJPullDownViewDemo.app */,
			);
			name = Products;
			sourceTree = "<group>";
		};
		C567B5AD1C40F0FA00929774 /* GJPullDownViewDemo */ = {
			isa = PBXGroup;
			children = (
				C567B5C51C40F10300929774 /* GJPullDownView */,
				C567B5B11C40F0FA00929774 /* AppDelegate.h */,
				C567B5B21C40F0FA00929774 /* AppDelegate.m */,
				C567B5B41C40F0FA00929774 /* ViewController.h */,
				C567B5B51C40F0FA00929774 /* ViewController.m */,
				C567B5B71C40F0FA00929774 /* Main.storyboard */,
				C567B5BA1C40F0FA00929774 /* Assets.xcassets */,
				C567B5BC1C40F0FA00929774 /* LaunchScreen.storyboard */,
				C567B5BF1C40F0FA00929774 /* Info.plist */,
				C567B5AE1C40F0FA00929774 /* Supporting Files */,
			);
			path = GJPullDownViewDemo;
			sourceTree = "<group>";
		};
		C567B5AE1C40F0FA00929774 /* Supporting Files */ = {
			isa = PBXGroup;
			children = (
				C567B5AF1C40F0FA00929774 /* main.m */,
			);
			name = "Supporting Files";
			sourceTree = "<group>";
		};
		C567B5C51C40F10300929774 /* GJPullDownView */ = {
			isa = PBXGroup;
			children = (
				C567B5C61C40F12000929774 /* GJPullDownView.h */,
				C567B5C71C40F12000929774 /* GJPullDownView.m */,
				C567B5C91C41016700929774 /* 1.png */,
			);
			name = GJPullDownView;
			sourceTree = "<group>";
		};
/* End PBXGroup section */

/* Begin PBXNativeTarget section */
		C567B5AA1C40F0FA00929774 /* GJPullDownViewDemo */ = {
			isa = PBXNativeTarget;
			buildConfigurationList = C567B5C21C40F0FA00929774 /* Build configuration list for PBXNativeTarget "GJPullDownViewDemo" */;
			buildPhases = (
				C567B5A71C40F0FA00929774 /* Sources */,
				C567B5A81C40F0FA00929774 /* Frameworks */,
				C567B5A91C40F0FA00929774 /* Resources */,
			);
			buildRules = (
			);
			dependencies = (
			);
			name = GJPullDownViewDemo;
			productName = GJPullDownViewDemo;
			productReference = C567B5AB1C40F0FA00929774 /* GJPullDownViewDemo.app */;
			productType = "com.apple.product-type.application";
		};
/* End PBXNativeTarget section */

/* Begin PBXProject section */
		C567B5A31C40F0FA00929774 /* Project object */ = {
			isa = PBXProject;
			attributes = {
				LastUpgradeCheck = 0720;
				ORGANIZATIONNAME = tongguan;
				TargetAttributes = {
					C567B5AA1C40F0FA00929774 = {
						CreatedOnToolsVersion = 7.2;
					};
				};
			};
			buildConfigurationList = C567B5A61C40F0FA00929774 /* Build configuration list for PBXProject "GJPullDownViewDemo" */;
			compatibilityVersion = "Xcode 3.2";
			developmentRegion = English;
			hasScannedForEncodings = 0;
			knownRegions = (
				en,
				Base,
			);
			mainGroup = C567B5A21C40F0FA00929774;
			productRefGroup = C567B5AC1C40F0FA00929774 /* Products */;
			projectDirPath = "";
			projectRoot = "";
			targets = (
				C567B5AA1C40F0FA00929774 /* GJPullDownViewDemo */,
			);
		};
/* End PBXProject section */

/* Begin PBXResourcesBuildPhase section */
		C567B5A91C40F0FA00929774 /* Resources */ = {
			isa = PBXResourcesBuildPhase;
			buildActionMask = 2147483647;
			files = (
				C567B5CA1C41016700929774 /* 1.png in Resources */,
				C567B5BE1C40F0FA00929774 /* LaunchScreen.storyboard in Resources */,
				C567B5BB1C40F0FA00929774 /* Assets.xcassets in Resources */,
				C567B5B91C40F0FA00929774 /* Main.storyboard in Resources */,
			);
			runOnlyForDeploymentPostprocessing = 0;
		};
/* End PBXResourcesBuildPhase section */

/* Begin PBXSourcesBuildPhase section */
		C567B5A71C40F0FA00929774 /* Sources */ = {
			isa = PBXSourcesBuildPhase;
			buildActionMask = 2147483647;
			files = (
				C567B5C81C40F12000929774 /* GJPullDownView.m in Sources */,
				C567B5B61C40F0FA00929774 /* ViewController.m in Sources */,
				C567B5B31C40F0FA00929774 /* AppDelegate.m in Sources */,
				C567B5B01C40F0FA00929774 /* main.m in Sources */,
			);
			runOnlyForDeploymentPostprocessing = 0;
		};
/* End PBXSourcesBuildPhase section */

/* Begin PBXVariantGroup section */
		C567B5B71C40F0FA00929774 /* Main.storyboard */ = {
			isa = PBXVariantGroup;
			children = (
				C567B5B81C40F0FA00929774 /* Base */,
			);
			name = Main.storyboard;
			sourceTree = "<group>";
		};
		C567B5BC1C40F0FA00929774 /* LaunchScreen.storyboard */ = {
			isa = PBXVariantGroup;
			children = (
				C567B5BD1C40F0FA00929774 /* Base */,
			);
			name = LaunchScreen.storyboard;
			sourceTree = "<group>";
		};
/* End PBXVariantGroup section */

/* Begin XCBuildConfiguration section */
		C567B5C01C40F0FA00929774 /* Debug */ = {
			isa = XCBuildConfiguration;
			buildSettings = {
				ALWAYS_SEARCH_USER_PATHS = NO;
				CLANG_CXX_LANGUAGE_STANDARD = "gnu++0x";
				CLANG_CXX_LIBRARY = "libc++";
				CLANG_ENABLE_MODULES = YES;
				CLANG_ENABLE_OBJC_ARC = YES;
				CLANG_WARN_BOOL_CONVERSION = YES;
				CLANG_WARN_CONSTANT_CONVERSION = YES;
				CLANG_WARN_DIRECT_OBJC_ISA_USAGE = YES_ERROR;
				CLANG_WARN_EMPTY_BODY = YES;
				CLANG_WARN_ENUM_CONVERSION = YES;
				CLANG_WARN_INT_CONVERSION = YES;
				CLANG_WARN_OBJC_ROOT_CLASS = YES_ERROR;
				CLANG_WARN_UNREACHABLE_CODE = YES;
				CLANG_WARN__DUPLICATE_METHOD_MATCH = YES;
				"CODE_SIGN_IDENTITY[sdk=iphoneos*]" = "iPhone Developer";
				COPY_PHASE_STRIP = NO;
				DEBUG_INFORMATION_FORMAT = dwarf;
				ENABLE_STRICT_OBJC_MSGSEND = YES;
				ENABLE_TESTABILITY = YES;
				GCC_C_LANGUAGE_STANDARD = gnu99;
				GCC_DYNAMIC_NO_PIC = NO;
				GCC_NO_COMMON_BLOCKS = YES;
				GCC_OPTIMIZATION_LEVEL = 0;
				GCC_PREPROCESSOR_DEFINITIONS = (
					"DEBUG=1",
					"$(inherited)",
				);
				GCC_WARN_64_TO_32_BIT_CONVERSION = YES;
				GCC_WARN_ABOUT_RETURN_TYPE = YES_ERROR;
				GCC_WARN_UNDECLARED_SELECTOR = YES;
				GCC_WARN_UNINITIALIZED_AUTOS = YES_AGGRESSIVE;
				GCC_WARN_UNUSED_FUNCTION = YES;
				GCC_WARN_UNUSED_VARIABLE = YES;
				IPHONEOS_DEPLOYMENT_TARGET = 9.2;
				MTL_ENABLE_DEBUG_INFO = YES;
				ONLY_ACTIVE_ARCH = YES;
				SDKROOT = iphoneos;
			};
			name = Debug;
		};
		C567B5C11C40F0FA00929774 /* Release */ = {
			isa = XCBuildConfiguration;
			buildSettings = {
				ALWAYS_SEARCH_USER_PATHS = NO;
				CLANG_CXX_LANGUAGE_STANDARD = "gnu++0x";
				CLANG_CXX_LIBRARY = "libc++";
				CLANG_ENABLE_MODULES = YES;
				CLANG_ENABLE_OBJC_ARC = YES;
				CLANG_WARN_BOOL_CONVERSION = YES;
				CLANG_WARN_CONSTANT_CONVERSION = YES;
				CLANG_WARN_DIRECT_OBJC_ISA_USAGE = YES_ERROR;
				CLANG_WARN_EMPTY_BODY = YES;
				CLANG_WARN_ENUM_CONVERSION = YES;
				CLANG_WARN_INT_CONVERSION = YES;
				CLANG_WARN_OBJC_ROOT_CLASS = YES_ERROR;
				CLANG_WARN_UNREACHABLE_CODE = YES;
				CLANG_WARN__DUPLICATE_METHOD_MATCH = YES;
				"CODE_SIGN_IDENTITY[sdk=iphoneos*]" = "iPhone Developer";
				COPY_PHASE_STRIP = NO;
				DEBUG_INFORMATION_FORMAT = "dwarf-with-dsym";
				ENABLE_NS_ASSERTIONS = NO;
				ENABLE_STRICT_OBJC_MSGSEND = YES;
				GCC_C_LANGUAGE_STANDARD = gnu99;
				GCC_NO_COMMON_BLOCKS = YES;
				GCC_WARN_64_TO_32_BIT_CONVERSION = YES;
				GCC_WARN_ABOUT_RETURN_TYPE = YES_ERROR;
				GCC_WARN_UNDECLARED_SELECTOR = YES;
				GCC_WARN_UNINITIALIZED_AUTOS = YES_AGGRESSIVE;
				GCC_WARN_UNUSED_FUNCTION = YES;
				GCC_WARN_UNUSED_VARIABLE = YES;
				IPHONEOS_DEPLOYMENT_TARGET = 9.2;
				MTL_ENABLE_DEBUG_INFO = NO;
				SDKROOT = iphoneos;
				VALIDATE_PRODUCT = YES;
			};
			name = Release;
		};
		C567B5C31C40F0FA00929774 /* Debug */ = {
			isa = XCBuildConfiguration;
			buildSettings = {
				ASSETCATALOG_COMPILER_APPICON_NAME = AppIcon;
				INFOPLIST_FILE = GJPullDownViewDemo/Info.plist;
				IPHONEOS_DEPLOYMENT_TARGET = 7.1;
				LD_RUNPATH_SEARCH_PATHS = "$(inherited) @executable_path/Frameworks";
				PRODUCT_BUNDLE_IDENTIFIER = "--.GJPullDownViewDemo";
				PRODUCT_NAME = "$(TARGET_NAME)";
			};
			name = Debug;
		};
		C567B5C41C40F0FA00929774 /* Release */ = {
			isa = XCBuildConfiguration;
			buildSettings = {
				ASSETCATALOG_COMPILER_APPICON_NAME = AppIcon;
				INFOPLIST_FILE = GJPullDownViewDemo/Info.plist;
				IPHONEOS_DEPLOYMENT_TARGET = 7.1;
				LD_RUNPATH_SEARCH_PATHS = "$(inherited) @executable_path/Frameworks";
				PRODUCT_BUNDLE_IDENTIFIER = "--.GJPullDownViewDemo";
				PRODUCT_NAME = "$(TARGET_NAME)";
			};
			name = Release;
		};
/* End XCBuildConfiguration section */

/* Begin XCConfigurationList section */
		C567B5A61C40F0FA00929774 /* Build configuration list for PBXProject "GJPullDownViewDemo" */ = {
			isa = XCConfigurationList;
			buildConfigurations = (
				C567B5C01C40F0FA00929774 /* Debug */,
				C567B5C11C40F0FA00929774 /* Release */,
			);
			defaultConfigurationIsVisible = 0;
			defaultConfigurationName = Release;
		};
		C567B5C21C40F0FA00929774 /* Build configuration list for PBXNativeTarget "GJPullDownViewDemo" */ = {
			isa = XCConfigurationList;
			buildConfigurations = (
				C567B5C31C40F0FA00929774 /* Debug */,
				C567B5C41C40F0FA00929774 /* Release */,
			);
			defaultConfigurationIsVisible = 0;
			defaultConfigurationName = Release;
		};
/* End XCConfigurationList section */
	};
	rootObject = C567B5A31C40F0FA00929774 /* Project object */;
}
